
Microsoft Visual Studio Solution File, Format Version 12.00
# Visual Studio Version 17
VisualStudioVersion = 17.9.34728.123
MinimumVisualStudioVersion = 10.0.40219.1
Project("{FAE04EC0-301F-11D3-BF4B-00C04F79EFBC}") = "UnifiedHoat", "UnifiedHoat.csproj", "{EE7E619C-4403-4261-9E73-4F6D3592C5A7}"
EndProject
Global
	GlobalSection(SolutionConfigurationPlatforms) = preSolution
		Debug|Any CPU = Debug|Any CPU
		Release|Any CPU = Release|Any CPU
	EndGlobalSection
	GlobalSection(ProjectConfigurationPlatforms) = postSolution
		{EE7E619C-4403-4261-9E73-4F6D3592C5A7}.Debug|Any CPU.ActiveCfg = Debug|Any CPU
		{EE7E619C-4403-4261-9E73-4F6D3592C5A7}.Debug|Any CPU.Build.0 = Debug|Any CPU
		{EE7E619C-4403-4261-9E73-4F6D3592C5A7}.Release|Any CPU.ActiveCfg = Release|Any CPU
		{EE7E619C-4403-4261-9E73-4F6D3592C5A7}.Release|Any CPU.Build.0 = Release|Any CPU
	EndGlobalSection
	GlobalSection(SolutionProperties) = preSolution
		HideSolutionNode = FALSE
	EndGlobalSection
	GlobalSection(ExtensibilityGlobals) = postSolution
		SolutionGuid = {DC62A1B9-1F0B-46A7-867E-51B02EED7201}
	EndGlobalSection
EndGlobal
